# THIS IS AN AUTOGENERATED FILE. DO NOT EDIT THIS FILE DIRECTLY.
# yarn lockfile v1


accepts@1.0.0:
  version "1.0.0"
  resolved "https://registry.yarnpkg.com/accepts/-/accepts-1.0.0.tgz#3604c765586c3b9cf7877b6937cdbd4587f947dc"
  dependencies:
    mime "~1.2.11"
    negotiator "~0.3.0"

async@2.1.4:
  version "2.1.4"
  resolved "https://registry.yarnpkg.com/async/-/async-2.1.4.tgz#2d2160c7788032e4dd6cbe2502f1f9a2c8f6cde4"
  dependencies:
    lodash "^4.14.0"

bluebird@2.10.2:
  version "2.10.2"
  resolved "https://registry.yarnpkg.com/bluebird/-/bluebird-2.10.2.tgz#024a5517295308857f14f91f1106fc3b555f446b"

body-parser@~1.0.0:
  version "1.0.2"
  resolved "https://registry.yarnpkg.com/body-parser/-/body-parser-1.0.2.tgz#3461479a3278fe00fcaebec3314bb54fc4f7b47c"
  dependencies:
    qs "~0.6.6"
    raw-body "~1.1.2"
    type-is "~1.1.0"

bson@~1.0.4:
  version "1.0.4"
  resolved "https://registry.yarnpkg.com/bson/-/bson-1.0.4.tgz#93c10d39eaa5b58415cbc4052f3e53e562b0b72c"

buffer-crc32@0.2.1:
  version "0.2.1"
  resolved "https://registry.yarnpkg.com/buffer-crc32/-/buffer-crc32-0.2.1.tgz#be3e5382fc02b6d6324956ac1af98aa98b08534c"

buffer-shims@~1.0.0:
  version "1.0.0"
  resolved "https://registry.yarnpkg.com/buffer-shims/-/buffer-shims-1.0.0.tgz#9978ce317388c649ad8793028c3477ef044a8b51"

bytes@0.3.0:
  version "0.3.0"
  resolved "https://registry.yarnpkg.com/bytes/-/bytes-0.3.0.tgz#78e2e0e28c7f9c7b988ea8aee0db4d5fa9941935"

bytes@1:
  version "1.0.0"
  resolved "https://registry.yarnpkg.com/bytes/-/bytes-1.0.0.tgz#3569ede8ba34315fab99c3e92cb04c7220de1fa8"

cookie-parser@^1.4.3:
  version "1.4.3"
  resolved "https://registry.yarnpkg.com/cookie-parser/-/cookie-parser-1.4.3.tgz#0fe31fa19d000b95f4aadf1f53fdc2b8a203baa5"
  dependencies:
    cookie "0.3.1"
    cookie-signature "1.0.6"

cookie-signature@1.0.3:
  version "1.0.3"
  resolved "https://registry.yarnpkg.com/cookie-signature/-/cookie-signature-1.0.3.tgz#91cd997cc51fb641595738c69cda020328f50ff9"

cookie-signature@1.0.6:
  version "1.0.6"
  resolved "https://registry.yarnpkg.com/cookie-signature/-/cookie-signature-1.0.6.tgz#e303a882b342cc3ee8ca513a79999734dab3ae2c"

cookie@0.1.0:
  version "0.1.0"
  resolved "https://registry.yarnpkg.com/cookie/-/cookie-0.1.0.tgz#90eb469ddce905c866de687efc43131d8801f9d0"

cookie@0.3.1:
  version "0.3.1"
  resolved "https://registry.yarnpkg.com/cookie/-/cookie-0.3.1.tgz#e7e0a1f9ef43b4c8ba925c5c5a96e806d16873bb"

core-util-is@~1.0.0:
  version "1.0.2"
  resolved "https://registry.yarnpkg.com/core-util-is/-/core-util-is-1.0.2.tgz#b5fd54220aa2bc5ab57aab7140c940754503c1a7"

crc@3.4.4:
  version "3.4.4"
  resolved "https://registry.yarnpkg.com/crc/-/crc-3.4.4.tgz#9da1e980e3bd44fc5c93bf5ab3da3378d85e466b"

debug@*:
  version "3.0.1"
  resolved "https://registry.yarnpkg.com/debug/-/debug-3.0.1.tgz#0564c612b521dc92d9f2988f0549e34f9c98db64"
  dependencies:
    ms "2.0.0"

debug@2.6.8:
  version "2.6.8"
  resolved "https://registry.yarnpkg.com/debug/-/debug-2.6.8.tgz#e731531ca2ede27d188222427da17821d68ff4fc"
  dependencies:
    ms "2.0.0"

"debug@>= 0.7.3 < 1":
  version "0.8.1"
  resolved "https://registry.yarnpkg.com/debug/-/debug-0.8.1.tgz#20ff4d26f5e422cb68a1bacbbb61039ad8c1c130"

debug@~0.7.4:
  version "0.7.4"
  resolved "https://registry.yarnpkg.com/debug/-/debug-0.7.4.tgz#06e1ea8082c2cb14e39806e22e2f6f757f92af39"

depd@~1.1.1:
  version "1.1.1"
  resolved "https://registry.yarnpkg.com/depd/-/depd-1.1.1.tgz#5783b4e1c459f06fa5ca27f991f3d06e7a310359"

ejs@^2.5.7:
  version "2.5.7"
  resolved "https://registry.yarnpkg.com/ejs/-/ejs-2.5.7.tgz#cc872c168880ae3c7189762fd5ffc00896c9518a"

es6-promise@3.2.1:
  version "3.2.1"
  resolved "https://registry.yarnpkg.com/es6-promise/-/es6-promise-3.2.1.tgz#ec56233868032909207170c39448e24449dd1fc4"

escape-html@1.0.1:
  version "1.0.1"
  resolved "https://registry.yarnpkg.com/escape-html/-/escape-html-1.0.1.tgz#181a286ead397a39a92857cfb1d43052e356bff0"

express-session@^1.15.5:
  version "1.15.5"
  resolved "https://registry.yarnpkg.com/express-session/-/express-session-1.15.5.tgz#f49a18227263b316f6f8544da5fee25a540259ec"
  dependencies:
    cookie "0.3.1"
    cookie-signature "1.0.6"
    crc "3.4.4"
    debug "2.6.8"
    depd "~1.1.1"
    on-headers "~1.0.1"
    parseurl "~1.3.1"
    uid-safe "~2.1.4"
    utils-merge "1.0.0"

express@~4.0.0:
  version "4.0.0"
  resolved "https://registry.yarnpkg.com/express/-/express-4.0.0.tgz#274dc82933c9f574cc38a0ce5ea8172be9c6b094"
  dependencies:
    accepts "1.0.0"
    buffer-crc32 "0.2.1"
    cookie "0.1.0"
    cookie-signature "1.0.3"
    debug ">= 0.7.3 < 1"
    escape-html "1.0.1"
    fresh "0.2.2"
    merge-descriptors "0.0.2"
    methods "0.1.0"
    parseurl "1.0.1"
    path-to-regexp "0.1.2"
    qs "0.6.6"
    range-parser "1.0.0"
    send "0.2.0"
    serve-static "1.0.1"
    type-is "1.0.0"
    utils-merge "1.0.0"

fresh@0.2.0:
  version "0.2.0"
  resolved "https://registry.yarnpkg.com/fresh/-/fresh-0.2.0.tgz#bfd9402cf3df12c4a4c310c79f99a3dde13d34a7"

fresh@0.2.2:
  version "0.2.2"
  resolved "https://registry.yarnpkg.com/fresh/-/fresh-0.2.2.tgz#9731dcf5678c7faeb44fb903c4f72df55187fa77"

fresh@~0.2.1:
  version "0.2.4"
  resolved "https://registry.yarnpkg.com/fresh/-/fresh-0.2.4.tgz#3582499206c9723714190edd74b4604feb4a614c"

hooks-fixed@2.0.0:
  version "2.0.0"
  resolved "https://registry.yarnpkg.com/hooks-fixed/-/hooks-fixed-2.0.0.tgz#a01d894d52ac7f6599bbb1f63dfc9c411df70cba"

inherits@~2.0.1:
  version "2.0.3"
  resolved "https://registry.yarnpkg.com/inherits/-/inherits-2.0.3.tgz#633c2c83e3da42a502f52466022480f4208261de"

isarray@~1.0.0:
  version "1.0.0"
  resolved "https://registry.yarnpkg.com/isarray/-/isarray-1.0.0.tgz#bb935d48582cba168c06834957a54a3e07124f11"

kareem@1.5.0:
  version "1.5.0"
  resolved "https://registry.yarnpkg.com/kareem/-/kareem-1.5.0.tgz#e3e4101d9dcfde299769daf4b4db64d895d17448"

lodash@^4.14.0:
  version "4.17.4"
  resolved "https://registry.yarnpkg.com/lodash/-/lodash-4.17.4.tgz#78203a4d1c328ae1d86dca6460e369b57f4055ae"

merge-descriptors@0.0.2:
  version "0.0.2"
  resolved "https://registry.yarnpkg.com/merge-descriptors/-/merge-descriptors-0.0.2.tgz#c36a52a781437513c57275f39dd9d317514ac8c7"

methods@0.1.0:
  version "0.1.0"
  resolved "https://registry.yarnpkg.com/methods/-/methods-0.1.0.tgz#335d429eefd21b7bacf2e9c922a8d2bd14a30e4f"

mime@~1.2.11, mime@~1.2.9:
  version "1.2.11"
  resolved "https://registry.yarnpkg.com/mime/-/mime-1.2.11.tgz#58203eed86e3a5ef17aed2b7d9ebd47f0a60dd10"

moment@^2.18.1:
  version "2.18.1"
  resolved "https://registry.yarnpkg.com/moment/-/moment-2.18.1.tgz#c36193dd3ce1c2eed2adb7c802dbbc77a81b1c0f"

mongodb-core@2.1.15:
  version "2.1.15"
  resolved "https://registry.yarnpkg.com/mongodb-core/-/mongodb-core-2.1.15.tgz#841f53b87ffff4c7458189c35c8ae827e1169764"
  dependencies:
    bson "~1.0.4"
    require_optional "~1.0.0"

mongodb@2.2.31:
  version "2.2.31"
  resolved "https://registry.yarnpkg.com/mongodb/-/mongodb-2.2.31.tgz#1940445c661e19217bb3bf8245d9854aaef548db"
  dependencies:
    es6-promise "3.2.1"
    mongodb-core "2.1.15"
    readable-stream "2.2.7"

mongoose@^4.11.9:
  version "4.11.9"
  resolved "https://registry.yarnpkg.com/mongoose/-/mongoose-4.11.9.tgz#58f89a72e75674d9bcdfa4e65ebe1b49b4477637"
  dependencies:
    async "2.1.4"
    bson "~1.0.4"
    hooks-fixed "2.0.0"
    kareem "1.5.0"
    mongodb "2.2.31"
    mpath "0.3.0"
    mpromise "0.5.5"
    mquery "2.3.1"
    ms "2.0.0"
    muri "1.2.2"
    regexp-clone "0.0.1"
    sliced "1.0.1"

morgan@~1.0.0:
  version "1.0.1"
  resolved "https://registry.yarnpkg.com/morgan/-/morgan-1.0.1.tgz#8250a5d711de625453022945344d4d6762630c64"
  dependencies:
    bytes "0.3.0"

mpath@0.3.0:
  version "0.3.0"
  resolved "https://registry.yarnpkg.com/mpath/-/mpath-0.3.0.tgz#7a58f789e9b5fd3c94520634157960f26bd5ef44"

mpromise@0.5.5:
  version "0.5.5"
  resolved "https://registry.yarnpkg.com/mpromise/-/mpromise-0.5.5.tgz#f5b24259d763acc2257b0a0c8c6d866fd51732e6"

mquery@2.3.1:
  version "2.3.1"
  resolved "https://registry.yarnpkg.com/mquery/-/mquery-2.3.1.tgz#9ab36749714800ff0bb53a681ce4bc4d5f07c87b"
  dependencies:
    bluebird "2.10.2"
    debug "2.6.8"
    regexp-clone "0.0.1"
    sliced "0.0.5"

ms@2.0.0:
  version "2.0.0"
  resolved "https://registry.yarnpkg.com/ms/-/ms-2.0.0.tgz#5608aeadfc00be6c2901df5f9861788de0d597c8"

muri@1.2.2:
  version "1.2.2"
  resolved "https://registry.yarnpkg.com/muri/-/muri-1.2.2.tgz#63198132650db08a04cc79ccd00dd389afd2631c"

negotiator@~0.3.0:
  version "0.3.0"
  resolved "https://registry.yarnpkg.com/negotiator/-/negotiator-0.3.0.tgz#706d692efeddf574d57ea9fb1ab89a4fa7ee8f60"

on-headers@~1.0.1:
  version "1.0.1"
  resolved "https://registry.yarnpkg.com/on-headers/-/on-headers-1.0.1.tgz#928f5d0f470d49342651ea6794b0857c100693f7"

parseurl@1.0.1:
  version "1.0.1"
  resolved "https://registry.yarnpkg.com/parseurl/-/parseurl-1.0.1.tgz#2e57dce6efdd37c3518701030944c22bf388b7b4"

parseurl@~1.3.1:
  version "1.3.1"
  resolved "https://registry.yarnpkg.com/parseurl/-/parseurl-1.3.1.tgz#c8ab8c9223ba34888aa64a297b28853bec18da56"

path-to-regexp@0.1.2:
  version "0.1.2"
  resolved "https://registry.yarnpkg.com/path-to-regexp/-/path-to-regexp-0.1.2.tgz#9b2b151f9cc3018c9eea50ca95729e05781712b4"

process-nextick-args@~1.0.6:
  version "1.0.7"
  resolved "https://registry.yarnpkg.com/process-nextick-args/-/process-nextick-args-1.0.7.tgz#150e20b756590ad3f91093f25a4f2ad8bff30ba3"

qs@0.6.6, qs@~0.6.6:
  version "0.6.6"
  resolved "https://registry.yarnpkg.com/qs/-/qs-0.6.6.tgz#6e015098ff51968b8a3c819001d5f2c89bc4b107"

random-bytes@~1.0.0:
  version "1.0.0"
  resolved "https://registry.yarnpkg.com/random-bytes/-/random-bytes-1.0.0.tgz#4f68a1dc0ae58bd3fb95848c30324db75d64360b"

range-parser@0.0.4:
  version "0.0.4"
  resolved "https://registry.yarnpkg.com/range-parser/-/range-parser-0.0.4.tgz#c0427ffef51c10acba0782a46c9602e744ff620b"

range-parser@1.0.0:
  version "1.0.0"
  resolved "https://registry.yarnpkg.com/range-parser/-/range-parser-1.0.0.tgz#a4b264cfe0be5ce36abe3765ac9c2a248746dbc0"

range-parser@~1.0.0:
  version "1.0.3"
  resolved "https://registry.yarnpkg.com/range-parser/-/range-parser-1.0.3.tgz#6872823535c692e2c2a0103826afd82c2e0ff175"

raw-body@~1.1.2:
  version "1.1.7"
  resolved "https://registry.yarnpkg.com/raw-body/-/raw-body-1.1.7.tgz#1d027c2bfa116acc6623bca8f00016572a87d425"
  dependencies:
    bytes "1"
    string_decoder "0.10"

readable-stream@2.2.7:
  version "2.2.7"
  resolved "https://registry.yarnpkg.com/readable-stream/-/readable-stream-2.2.7.tgz#07057acbe2467b22042d36f98c5ad507054e95b1"
  dependencies:
    buffer-shims "~1.0.0"
    core-util-is "~1.0.0"
    inherits "~2.0.1"
    isarray "~1.0.0"
    process-nextick-args "~1.0.6"
    string_decoder "~1.0.0"
    util-deprecate "~1.0.1"

regexp-clone@0.0.1:
  version "0.0.1"
  resolved "https://registry.yarnpkg.com/regexp-clone/-/regexp-clone-0.0.1.tgz#a7c2e09891fdbf38fbb10d376fb73003e68ac589"

require_optional@~1.0.0:
  version "1.0.1"
  resolved "https://registry.yarnpkg.com/require_optional/-/require_optional-1.0.1.tgz#4cf35a4247f64ca3df8c2ef208cc494b1ca8fc2e"
  dependencies:
    resolve-from "^2.0.0"
    semver "^5.1.0"

resolve-from@^2.0.0:
  version "2.0.0"
  resolved "https://registry.yarnpkg.com/resolve-from/-/resolve-from-2.0.0.tgz#9480ab20e94ffa1d9e80a804c7ea147611966b57"

safe-buffer@~5.1.0:
  version "5.1.1"
  resolved "https://registry.yarnpkg.com/safe-buffer/-/safe-buffer-5.1.1.tgz#893312af69b2123def71f57889001671eeb2c853"

semver@^5.1.0:
  version "5.4.1"
  resolved "https://registry.yarnpkg.com/semver/-/semver-5.4.1.tgz#e059c09d8571f0540823733433505d3a2f00b18e"

send@0.1.4:
  version "0.1.4"
  resolved "https://registry.yarnpkg.com/send/-/send-0.1.4.tgz#be70d8d1be01de61821af13780b50345a4f71abd"
  dependencies:
    debug "*"
    fresh "0.2.0"
    mime "~1.2.9"
    range-parser "0.0.4"

send@0.2.0:
  version "0.2.0"
  resolved "https://registry.yarnpkg.com/send/-/send-0.2.0.tgz#067abf45cff8bffb29cbdb7439725b32388a2c58"
  dependencies:
    debug "*"
    fresh "~0.2.1"
    mime "~1.2.9"
    range-parser "~1.0.0"

serve-static@1.0.1:
  version "1.0.1"
  resolved "https://registry.yarnpkg.com/serve-static/-/serve-static-1.0.1.tgz#10dcbfd44b3e0291a131fc9ab4ab25a9f5a78a42"
  dependencies:
    send "0.1.4"

sliced@0.0.5:
  version "0.0.5"
  resolved "https://registry.yarnpkg.com/sliced/-/sliced-0.0.5.tgz#5edc044ca4eb6f7816d50ba2fc63e25d8fe4707f"

sliced@1.0.1:
  version "1.0.1"
  resolved "https://registry.yarnpkg.com/sliced/-/sliced-1.0.1.tgz#0b3a662b5d04c3177b1926bea82b03f837a2ef41"

static-favicon@^2.0.0-alpha:
  version "2.0.0-alpha"
  resolved "https://registry.yarnpkg.com/static-favicon/-/static-favicon-2.0.0-alpha.tgz#cb5c0ff3d4720566ae2e8387f642d56e8c14c694"

string_decoder@0.10:
  version "0.10.31"
  resolved "https://registry.yarnpkg.com/string_decoder/-/string_decoder-0.10.31.tgz#62e203bc41766c6c28c9fc84301dab1c5310fa94"

string_decoder@~1.0.0:
  version "1.0.3"
  resolved "https://registry.yarnpkg.com/string_decoder/-/string_decoder-1.0.3.tgz#0fc67d7c141825de94282dd536bec6b9bce860ab"
  dependencies:
    safe-buffer "~5.1.0"

type-is@1.0.0:
  version "1.0.0"
  resolved "https://registry.yarnpkg.com/type-is/-/type-is-1.0.0.tgz#4ff424e97349a1ee1910b4bfc488595ecdc443fc"
  dependencies:
    mime "~1.2.11"

type-is@~1.1.0:
  version "1.1.0"
  resolved "https://registry.yarnpkg.com/type-is/-/type-is-1.1.0.tgz#d0245ec8b2676668d59dd0cf3255060676a57db6"
  dependencies:
    mime "~1.2.11"

uid-safe@~2.1.4:
  version "2.1.5"
  resolved "https://registry.yarnpkg.com/uid-safe/-/uid-safe-2.1.5.tgz#2b3d5c7240e8fc2e58f8aa269e5ee49c0857bd3a"
  dependencies:
    random-bytes "~1.0.0"

util-deprecate@~1.0.1:
  version "1.0.2"
  resolved "https://registry.yarnpkg.com/util-deprecate/-/util-deprecate-1.0.2.tgz#450d4dc9fa70de732762fbd2d4a28981419a0ccf"

utils-merge@1.0.0:
  version "1.0.0"
  resolved "https://registry.yarnpkg.com/utils-merge/-/utils-merge-1.0.0.tgz#0294fb922bb9375153541c4f7096231f287c8af8"
